// !$*UTF8*$!
{
	archiveVersion = 1;
	classes = {
	};
	objectVersion = 46;
	objects = {

/* Begin PBXFileReference section */
		460D07E319BDD62500235124 /* Automation.h */ = {isa = PBXFileReference; lastKnownFileType = sourcecode.c.h; path = Automation.h; sourceTree = "<group>"; };
		460D07E419BDD62500235124 /* Curve.h */ = {isa = PBXFileReference; lastKnownFileType = sourcecode.c.h; path = Curve.h; sourceTree = "<group>"; };
		460D07E519BDD62500235124 /* CurveSegment.h */ = {isa = PBXFileReference; lastKnownFileType = sourcecode.c.h; path = CurveSegment.h; sourceTree = "<group>"; };
		460D07E719BDD62500235124 /* Expression.h */ = {isa = PBXFileReference; lastKnownFileType = sourcecode.c.h; path = Expression.h; sourceTree = "<group>"; };
		460D07E919BDD62500235124 /* Scenario.h */ = {isa = PBXFileReference; lastKnownFileType = sourcecode.c.h; path = Scenario.h; sourceTree = "<group>"; };
		460D07EA19BDD62500235124 /* State.h */ = {isa = PBXFileReference; lastKnownFileType = sourcecode.c.h; path = State.h; sourceTree = "<group>"; };
		460D07EB19BDD62500235124 /* StateElement.h */ = {isa = PBXFileReference; lastKnownFileType = sourcecode.c.h; path = StateElement.h; sourceTree = "<group>"; };
		460D07EC19BDD62500235124 /* TimeBox.h */ = {isa = PBXFileReference; lastKnownFileType = sourcecode.c.h; path = TimeBox.h; sourceTree = "<group>"; };
		460D07ED19BDD62500235124 /* TimeNode.h */ = {isa = PBXFileReference; lastKnownFileType = sourcecode.c.h; path = TimeNode.h; sourceTree = "<group>"; };
		460D07EE19BDD62500235124 /* TimeProcess.h */ = {isa = PBXFileReference; lastKnownFileType = sourcecode.c.h; path = TimeProcess.h; sourceTree = "<group>"; };
		460D07EF19BDD62500235124 /* TimeValue.h */ = {isa = PBXFileReference; lastKnownFileType = sourcecode.c.h; path = TimeValue.h; sourceTree = "<group>"; };
		460DCD6C1A0914C4000A9A19 /* DeviceLocal.cpp */ = {isa = PBXFileReference; lastKnownFileType = sourcecode.cpp.cpp; path = DeviceLocal.cpp; sourceTree = "<group>"; };
		460DCD6D1A0914C4000A9A19 /* DeviceMinuit.cpp */ = {isa = PBXFileReference; lastKnownFileType = sourcecode.cpp.cpp; path = DeviceMinuit.cpp; sourceTree = "<group>"; };
		460DCD6E1A0914C4000A9A19 /* DeviceOSC.cpp */ = {isa = PBXFileReference; lastKnownFileType = sourcecode.cpp.cpp; path = DeviceOSC.cpp; sourceTree = "<group>"; };
		46184C1D1A247FC700C3B12E /* Expression.cpp */ = {isa = PBXFileReference; lastKnownFileType = sourcecode.cpp.cpp; path = Expression.cpp; sourceTree = "<group>"; };
		46184C1F1A24802C00C3B12E /* State_Impl.cpp */ = {isa = PBXFileReference; lastKnownFileType = sourcecode.cpp.cpp; path = State_Impl.cpp; sourceTree = "<group>"; };
		46184C211A24802C00C3B12E /* TimeBox.cpp */ = {isa = PBXFileReference; lastKnownFileType = sourcecode.cpp.cpp; path = TimeBox.cpp; sourceTree = "<group>"; };
		46184C221A24802C00C3B12E /* TimeNode.cpp */ = {isa = PBXFileReference; lastKnownFileType = sourcecode.cpp.cpp; path = TimeNode.cpp; sourceTree = "<group>"; };
		46184C231A24802C00C3B12E /* TimeProcess.cpp */ = {isa = PBXFileReference; lastKnownFileType = sourcecode.cpp.cpp; path = TimeProcess.cpp; sourceTree = "<group>"; };
		46184C241A24802C00C3B12E /* TimeValue.cpp */ = {isa = PBXFileReference; lastKnownFileType = sourcecode.cpp.cpp; path = TimeValue.cpp; sourceTree = "<group>"; };
		46184C281A25E39400C3B12E /* State_Impl.h */ = {isa = PBXFileReference; lastKnownFileType = sourcecode.c.h; path = State_Impl.h; sourceTree = "<group>"; };
		46184C541A26243400C3B12E /* Template_Impl.h */ = {isa = PBXFileReference; fileEncoding = 4; lastKnownFileType = sourcecode.c.h; name = Template_Impl.h; path = Sources/Template_Impl.h; sourceTree = SOURCE_ROOT; };
		46184C551A2624A000C3B12E /* Template_Impl.cpp */ = {isa = PBXFileReference; fileEncoding = 4; lastKnownFileType = sourcecode.cpp.cpp; path = Template_Impl.cpp; sourceTree = "<group>"; };
		46184C561A26294A00C3B12E /* Message_Impl.cpp */ = {isa = PBXFileReference; lastKnownFileType = sourcecode.cpp.cpp; path = Message_Impl.cpp; sourceTree = "<group>"; };
		46184C571A26294A00C3B12E /* Message_Impl.h */ = {isa = PBXFileReference; lastKnownFileType = sourcecode.c.h; path = Message_Impl.h; sourceTree = "<group>"; };
		46184C581A2643D500C3B12E /* Address_Impl.cpp */ = {isa = PBXFileReference; lastKnownFileType = sourcecode.cpp.cpp; path = Address_Impl.cpp; sourceTree = "<group>"; };
		46184C591A2643D500C3B12E /* Address_Impl.h */ = {isa = PBXFileReference; lastKnownFileType = sourcecode.c.h; path = Address_Impl.h; sourceTree = "<group>"; };
		46184C5A1A2647A600C3B12E /* Automation_Impl.cpp */ = {isa = PBXFileReference; lastKnownFileType = sourcecode.cpp.cpp; path = Automation_Impl.cpp; sourceTree = "<group>"; };
		46184C5B1A2647A600C3B12E /* Automation_Impl.h */ = {isa = PBXFileReference; lastKnownFileType = sourcecode.c.h; path = Automation_Impl.h; sourceTree = "<group>"; };
		464201C819BEF6F600893C87 /* Device.h */ = {isa = PBXFileReference; lastKnownFileType = sourcecode.c.h; path = Device.h; sourceTree = "<group>"; };
		464201CE19BF370300893C87 /* CurveSegmentLinear.h */ = {isa = PBXFileReference; lastKnownFileType = sourcecode.c.h; path = CurveSegmentLinear.h; sourceTree = "<group>"; };
		468AC7C5197EB1D600FB2B18 /* Makefile */ = {isa = PBXFileReference; lastKnownFileType = sourcecode.make; path = Makefile; sourceTree = "<group>"; };
		468E931319C0562900B26BFB /* Message.h */ = {isa = PBXFileReference; lastKnownFileType = sourcecode.c.h; path = Message.h; sourceTree = "<group>"; };
		46A4923019C2E264003691A8 /* CurveSegmentPower.h */ = {isa = PBXFileReference; lastKnownFileType = sourcecode.c.h; path = CurveSegmentPower.h; sourceTree = "<group>"; };
		46A4923119C2E2D6003691A8 /* CurveSegmentPower.cpp */ = {isa = PBXFileReference; lastKnownFileType = sourcecode.cpp.cpp; path = CurveSegmentPower.cpp; sourceTree = "<group>"; };
		46A5E69E19BDEA8000815908 /* Curve.yml */ = {isa = PBXFileReference; lastKnownFileType = text; path = Curve.yml; sourceTree = "<group>"; };
		46AA0ED01A012151007374E9 /* Address.h */ = {isa = PBXFileReference; lastKnownFileType = sourcecode.c.h; path = Address.h; sourceTree = "<group>"; };
		46AA0ED11A012151007374E9 /* Protocols.h */ = {isa = PBXFileReference; lastKnownFileType = sourcecode.c.h; path = Protocols.h; sourceTree = "<group>"; };
		46AA0ED41A0122C3007374E9 /* Device.cpp */ = {isa = PBXFileReference; lastKnownFileType = sourcecode.cpp.cpp; path = Device.cpp; sourceTree = "<group>"; };
		46AA0ED51A0122C3007374E9 /* Protocols.cpp */ = {isa = PBXFileReference; lastKnownFileType = sourcecode.cpp.cpp; path = Protocols.cpp; sourceTree = "<group>"; };
		46BA2A5B19C09A21009630B5 /* Curve.cpp */ = {isa = PBXFileReference; lastKnownFileType = sourcecode.cpp.cpp; path = Curve.cpp; sourceTree = "<group>"; };
		46BA2A5D19C09A21009630B5 /* CurveSegmentLinear.cpp */ = {isa = PBXFileReference; lastKnownFileType = sourcecode.cpp.cpp; path = CurveSegmentLinear.cpp; sourceTree = "<group>"; };
		46BA2A5F19C09A21009630B5 /* CurveSegment.cpp */ = {isa = PBXFileReference; lastKnownFileType = sourcecode.cpp.cpp; path = CurveSegment.cpp; sourceTree = "<group>"; };
		46BA2A6019C09A21009630B5 /* Scenario.cpp */ = {isa = PBXFileReference; lastKnownFileType = sourcecode.cpp.cpp; path = Scenario.cpp; sourceTree = "<group>"; };
/* End PBXFileReference section */

/* Begin PBXGroup section */
		460D07E119BDD62500235124 /* Headers */ = {
			isa = PBXGroup;
			children = (
				460D07E219BDD62500235124 /* Editor */,
				460D07F319BDD62500235124 /* Network */,
			);
			name = Headers;
			path = ../../Headers;
			sourceTree = "<group>";
		};
		460D07E219BDD62500235124 /* Editor */ = {
			isa = PBXGroup;
			children = (
				460D07E319BDD62500235124 /* Automation.h */,
				460D07E419BDD62500235124 /* Curve.h */,
				46A5E69E19BDEA8000815908 /* Curve.yml */,
				460D07E519BDD62500235124 /* CurveSegment.h */,
				464201CA19BF28F300893C87 /* CurveSegment */,
				460D07E719BDD62500235124 /* Expression.h */,
				468E931319C0562900B26BFB /* Message.h */,
				460D07E919BDD62500235124 /* Scenario.h */,
				460D07EA19BDD62500235124 /* State.h */,
				460D07EB19BDD62500235124 /* StateElement.h */,
				460D07EC19BDD62500235124 /* TimeBox.h */,
				460D07ED19BDD62500235124 /* TimeNode.h */,
				460D07EE19BDD62500235124 /* TimeProcess.h */,
				460D07EF19BDD62500235124 /* TimeValue.h */,
			);
			path = Editor;
			sourceTree = "<group>";
		};
		460D07F319BDD62500235124 /* Network */ = {
			isa = PBXGroup;
			children = (
				46AA0ED01A012151007374E9 /* Address.h */,
				464201C819BEF6F600893C87 /* Device.h */,
				46AA0ED11A012151007374E9 /* Protocols.h */,
			);
			path = Network;
			sourceTree = "<group>";
		};
		464201CA19BF28F300893C87 /* CurveSegment */ = {
			isa = PBXGroup;
			children = (
				464201CE19BF370300893C87 /* CurveSegmentLinear.h */,
				46A4923019C2E264003691A8 /* CurveSegmentPower.h */,
			);
			path = CurveSegment;
			sourceTree = "<group>";
		};
		468AC7BA197EB19500FB2B18 = {
			isa = PBXGroup;
			children = (
				468AC7C5197EB1D600FB2B18 /* Makefile */,
				460D07E119BDD62500235124 /* Headers */,
				46BA2A5919C09A21009630B5 /* Sources */,
			);
			indentWidth = 2;
			sourceTree = "<group>";
		};
		46AA0ED21A0122C3007374E9 /* Network */ = {
			isa = PBXGroup;
			children = (
				46184C591A2643D500C3B12E /* Address_Impl.h */,
				46184C581A2643D500C3B12E /* Address_Impl.cpp */,
				46AA0ED41A0122C3007374E9 /* Device.cpp */,
				460DCD6C1A0914C4000A9A19 /* DeviceLocal.cpp */,
				460DCD6D1A0914C4000A9A19 /* DeviceMinuit.cpp */,
				460DCD6E1A0914C4000A9A19 /* DeviceOSC.cpp */,
				46AA0ED51A0122C3007374E9 /* Protocols.cpp */,
			);
			path = Network;
			sourceTree = "<group>";
		};
		46BA2A5919C09A21009630B5 /* Sources */ = {
			isa = PBXGroup;
			children = (
				46184C541A26243400C3B12E /* Template_Impl.h */,
				46184C551A2624A000C3B12E /* Template_Impl.cpp */,
				46BA2A5A19C09A21009630B5 /* Editor */,
				46AA0ED21A0122C3007374E9 /* Network */,
			);
			path = Sources;
			sourceTree = "<group>";
		};
		46BA2A5A19C09A21009630B5 /* Editor */ = {
			isa = PBXGroup;
			children = (
				46184C5B1A2647A600C3B12E /* Automation_Impl.h */,
				46184C5A1A2647A600C3B12E /* Automation_Impl.cpp */,
				46BA2A5B19C09A21009630B5 /* Curve.cpp */,
				46BA2A5F19C09A21009630B5 /* CurveSegment.cpp */,
				46BA2A5C19C09A21009630B5 /* CurveSegment */,
				46184C1D1A247FC700C3B12E /* Expression.cpp */,
				46184C571A26294A00C3B12E /* Message_Impl.h */,
				46184C561A26294A00C3B12E /* Message_Impl.cpp */,
				46BA2A6019C09A21009630B5 /* Scenario.cpp */,
				46184C281A25E39400C3B12E /* State_Impl.h */,
				46184C1F1A24802C00C3B12E /* State_Impl.cpp */,
				46184C211A24802C00C3B12E /* TimeBox.cpp */,
				46184C221A24802C00C3B12E /* TimeNode.cpp */,
				46184C231A24802C00C3B12E /* TimeProcess.cpp */,
				46184C241A24802C00C3B12E /* TimeValue.cpp */,
			);
			path = Editor;
			sourceTree = "<group>";
		};
		46BA2A5C19C09A21009630B5 /* CurveSegment */ = {
			isa = PBXGroup;
			children = (
				46BA2A5D19C09A21009630B5 /* CurveSegmentLinear.cpp */,
				46A4923119C2E2D6003691A8 /* CurveSegmentPower.cpp */,
			);
			path = CurveSegment;
			sourceTree = "<group>";
		};
/* End PBXGroup section */

/* Begin PBXLegacyTarget section */
		468AC7BF197EB19500FB2B18 /* OSSIA-API */ = {
			isa = PBXLegacyTarget;
			buildArgumentsString = "$(ACTION) $(Configuration)";
			buildConfigurationList = 468AC7C2197EB19500FB2B18 /* Build configuration list for PBXLegacyTarget "OSSIA-API" */;
			buildPhases = (
			);
			buildToolPath = /usr/bin/make;
			buildWorkingDirectory = "";
			dependencies = (
			);
			name = "OSSIA-API";
			passBuildSettingsInEnvironment = 1;
			productName = "OSSIA-API";
		};
/* End PBXLegacyTarget section */

/* Begin PBXProject section */
		468AC7BB197EB19500FB2B18 /* Project object */ = {
			isa = PBXProject;
			attributes = {
				LastUpgradeCheck = 0500;
				ORGANIZATIONNAME = OSSIA;
			};
			buildConfigurationList = 468AC7BE197EB19500FB2B18 /* Build configuration list for PBXProject "OSSIA-API" */;
			compatibilityVersion = "Xcode 3.2";
			developmentRegion = English;
			hasScannedForEncodings = 0;
			knownRegions = (
				en,
			);
			mainGroup = 468AC7BA197EB19500FB2B18;
			projectDirPath = "";
			projectRoot = "";
			targets = (
				468AC7BF197EB19500FB2B18 /* OSSIA-API */,
			);
		};
/* End PBXProject section */

/* Begin XCBuildConfiguration section */
		468AC7C0197EB19500FB2B18 /* Debug */ = {
			isa = XCBuildConfiguration;
			buildSettings = {
				ALWAYS_SEARCH_USER_PATHS = NO;
				CLANG_CXX_LANGUAGE_STANDARD = "gnu++0x";
				CLANG_CXX_LIBRARY = "libc++";
				CLANG_ENABLE_OBJC_ARC = YES;
				CLANG_WARN_BOOL_CONVERSION = YES;
				CLANG_WARN_CONSTANT_CONVERSION = YES;
				CLANG_WARN_DIRECT_OBJC_ISA_USAGE = YES_ERROR;
				CLANG_WARN_EMPTY_BODY = YES;
				CLANG_WARN_ENUM_CONVERSION = YES;
				CLANG_WARN_INT_CONVERSION = YES;
				CLANG_WARN_OBJC_ROOT_CLASS = YES_ERROR;
				CLANG_WARN__DUPLICATE_METHOD_MATCH = YES;
				COPY_PHASE_STRIP = NO;
				GCC_C_LANGUAGE_STANDARD = gnu99;
				GCC_DYNAMIC_NO_PIC = NO;
				GCC_ENABLE_OBJC_EXCEPTIONS = YES;
				GCC_OPTIMIZATION_LEVEL = 0;
				GCC_PREPROCESSOR_DEFINITIONS = (
					"DEBUG=1",
					"$(inherited)",
				);
				GCC_SYMBOLS_PRIVATE_EXTERN = NO;
				GCC_WARN_64_TO_32_BIT_CONVERSION = YES;
				GCC_WARN_ABOUT_RETURN_TYPE = YES_ERROR;
				GCC_WARN_UNDECLARED_SELECTOR = YES;
				GCC_WARN_UNINITIALIZED_AUTOS = YES;
				GCC_WARN_UNUSED_FUNCTION = YES;
				GCC_WARN_UNUSED_VARIABLE = YES;
				MACOSX_DEPLOYMENT_TARGET = 10.8;
				ONLY_ACTIVE_ARCH = YES;
				SDKROOT = macosx;
			};
			name = Debug;
		};
		468AC7C1197EB19500FB2B18 /* Release */ = {
			isa = XCBuildConfiguration;
			buildSettings = {
				ALWAYS_SEARCH_USER_PATHS = NO;
				CLANG_CXX_LANGUAGE_STANDARD = "gnu++0x";
				CLANG_CXX_LIBRARY = "libc++";
				CLANG_ENABLE_OBJC_ARC = YES;
				CLANG_WARN_BOOL_CONVERSION = YES;
				CLANG_WARN_CONSTANT_CONVERSION = YES;
				CLANG_WARN_DIRECT_OBJC_ISA_USAGE = YES_ERROR;
				CLANG_WARN_EMPTY_BODY = YES;
				CLANG_WARN_ENUM_CONVERSION = YES;
				CLANG_WARN_INT_CONVERSION = YES;
				CLANG_WARN_OBJC_ROOT_CLASS = YES_ERROR;
				CLANG_WARN__DUPLICATE_METHOD_MATCH = YES;
				COPY_PHASE_STRIP = YES;
				DEBUG_INFORMATION_FORMAT = "dwarf-with-dsym";
				ENABLE_NS_ASSERTIONS = NO;
				GCC_C_LANGUAGE_STANDARD = gnu99;
				GCC_ENABLE_OBJC_EXCEPTIONS = YES;
				GCC_WARN_64_TO_32_BIT_CONVERSION = YES;
				GCC_WARN_ABOUT_RETURN_TYPE = YES_ERROR;
				GCC_WARN_UNDECLARED_SELECTOR = YES;
				GCC_WARN_UNINITIALIZED_AUTOS = YES;
				GCC_WARN_UNUSED_FUNCTION = YES;
				GCC_WARN_UNUSED_VARIABLE = YES;
				MACOSX_DEPLOYMENT_TARGET = 10.8;
				SDKROOT = macosx;
			};
			name = Release;
		};
		468AC7C3197EB19500FB2B18 /* Debug */ = {
			isa = XCBuildConfiguration;
			buildSettings = {
				DEBUGGING_SYMBOLS = YES;
				GCC_GENERATE_DEBUGGING_SYMBOLS = YES;
				GCC_OPTIMIZATION_LEVEL = 0;
				OTHER_CFLAGS = "";
				OTHER_LDFLAGS = "";
				PRODUCT_NAME = "$(TARGET_NAME)";
			};
			name = Debug;
		};
		468AC7C4197EB19500FB2B18 /* Release */ = {
			isa = XCBuildConfiguration;
			buildSettings = {
				OTHER_CFLAGS = "";
				OTHER_LDFLAGS = "";
				PRODUCT_NAME = "$(TARGET_NAME)";
			};
			name = Release;
		};
/* End XCBuildConfiguration section */

/* Begin XCConfigurationList section */
		468AC7BE197EB19500FB2B18 /* Build configuration list for PBXProject "OSSIA-API" */ = {
			isa = XCConfigurationList;
			buildConfigurations = (
				468AC7C0197EB19500FB2B18 /* Debug */,
				468AC7C1197EB19500FB2B18 /* Release */,
			);
			defaultConfigurationIsVisible = 0;
			defaultConfigurationName = Release;
		};
		468AC7C2197EB19500FB2B18 /* Build configuration list for PBXLegacyTarget "OSSIA-API" */ = {
			isa = XCConfigurationList;
			buildConfigurations = (
				468AC7C3197EB19500FB2B18 /* Debug */,
				468AC7C4197EB19500FB2B18 /* Release */,
			);
			defaultConfigurationIsVisible = 0;
			defaultConfigurationName = Release;
		};
/* End XCConfigurationList section */
	};
	rootObject = 468AC7BB197EB19500FB2B18 /* Project object */;
}
