// !$*UTF8*$!
{
	archiveVersion = 1;
	classes = {
	};
	objectVersion = 46;
	objects = {

/* Begin PBXFileReference section */
		468AC7C5197EB1D600FB2B18 /* Makefile */ = {isa = PBXFileReference; lastKnownFileType = sourcecode.make; path = Makefile; sourceTree = "<group>"; };
		468AC7C8197EB37F00FB2B18 /* Automation.h */ = {isa = PBXFileReference; lastKnownFileType = sourcecode.c.h; name = Automation.h; path = ../../Automation.h; sourceTree = "<group>"; };
		468AC7C9197EB37F00FB2B18 /* Curve.h */ = {isa = PBXFileReference; lastKnownFileType = sourcecode.c.h; name = Curve.h; path = ../../Curve.h; sourceTree = "<group>"; };
		468AC7CA197EB37F00FB2B18 /* CurveSegment.h */ = {isa = PBXFileReference; lastKnownFileType = sourcecode.c.h; name = CurveSegment.h; path = ../../CurveSegment.h; sourceTree = "<group>"; };
		468AC7CB197EB37F00FB2B18 /* Event.h */ = {isa = PBXFileReference; lastKnownFileType = sourcecode.c.h; name = Event.h; path = ../../Event.h; sourceTree = "<group>"; };
		468AC7CC197EB37F00FB2B18 /* Expression.h */ = {isa = PBXFileReference; lastKnownFileType = sourcecode.c.h; name = Expression.h; path = ../../Expression.h; sourceTree = "<group>"; };
		468AC7CD197EB37F00FB2B18 /* InteractiveBranching.h */ = {isa = PBXFileReference; lastKnownFileType = sourcecode.c.h; name = InteractiveBranching.h; path = ../../InteractiveBranching.h; sourceTree = "<group>"; };
		468AC7CE197EB37F00FB2B18 /* IObservable.h */ = {isa = PBXFileReference; lastKnownFileType = sourcecode.c.h; name = IObservable.h; path = ../../IObservable.h; sourceTree = "<group>"; };
		468AC7CF197EB37F00FB2B18 /* IObserver.h */ = {isa = PBXFileReference; lastKnownFileType = sourcecode.c.h; name = IObserver.h; path = ../../IObserver.h; sourceTree = "<group>"; };
		468AC7D0197EB37F00FB2B18 /* Message.h */ = {isa = PBXFileReference; lastKnownFileType = sourcecode.c.h; name = Message.h; path = ../../Message.h; sourceTree = "<group>"; };
		468AC7D3197EB37F00FB2B18 /* Scenario.h */ = {isa = PBXFileReference; lastKnownFileType = sourcecode.c.h; name = Scenario.h; path = ../../Scenario.h; sourceTree = "<group>"; };
		468AC7D4197EB37F00FB2B18 /* State.h */ = {isa = PBXFileReference; lastKnownFileType = sourcecode.c.h; name = State.h; path = ../../State.h; sourceTree = "<group>"; };
		468AC7D5197EB37F00FB2B18 /* StateElement.h */ = {isa = PBXFileReference; lastKnownFileType = sourcecode.c.h; name = StateElement.h; path = ../../StateElement.h; sourceTree = "<group>"; };
		468AC7D6197EB37F00FB2B18 /* TimeBox.h */ = {isa = PBXFileReference; lastKnownFileType = sourcecode.c.h; name = TimeBox.h; path = ../../TimeBox.h; sourceTree = "<group>"; };
		468AC7D7197EB37F00FB2B18 /* TimeNode.h */ = {isa = PBXFileReference; lastKnownFileType = sourcecode.c.h; name = TimeNode.h; path = ../../TimeNode.h; sourceTree = "<group>"; };
		468AC7D8197EB37F00FB2B18 /* TimeProcess.h */ = {isa = PBXFileReference; lastKnownFileType = sourcecode.c.h; name = TimeProcess.h; path = ../../TimeProcess.h; sourceTree = "<group>"; };
		468AC7D9197EB37F00FB2B18 /* TimeValue.h */ = {isa = PBXFileReference; lastKnownFileType = sourcecode.c.h; name = TimeValue.h; path = ../../TimeValue.h; sourceTree = "<group>"; };
		468AC7DA197EB39E00FB2B18 /* Scenario.cpp */ = {isa = PBXFileReference; lastKnownFileType = sourcecode.cpp.cpp; path = Scenario.cpp; sourceTree = "<group>"; };
/* End PBXFileReference section */

/* Begin PBXGroup section */
		468AC7BA197EB19500FB2B18 = {
			isa = PBXGroup;
			children = (
				468AC7C5197EB1D600FB2B18 /* Makefile */,
				468AC7C6197EB33E00FB2B18 /* headers */,
				468AC7C7197EB35200FB2B18 /* sources */,
			);
			sourceTree = "<group>";
		};
		468AC7C6197EB33E00FB2B18 /* headers */ = {
			isa = PBXGroup;
			children = (
				468AC7C8197EB37F00FB2B18 /* Automation.h */,
				468AC7C9197EB37F00FB2B18 /* Curve.h */,
				468AC7CA197EB37F00FB2B18 /* CurveSegment.h */,
				468AC7CB197EB37F00FB2B18 /* Event.h */,
				468AC7CC197EB37F00FB2B18 /* Expression.h */,
				468AC7CD197EB37F00FB2B18 /* InteractiveBranching.h */,
				468AC7CE197EB37F00FB2B18 /* IObservable.h */,
				468AC7CF197EB37F00FB2B18 /* IObserver.h */,
				468AC7D0197EB37F00FB2B18 /* Message.h */,
				468AC7D3197EB37F00FB2B18 /* Scenario.h */,
				468AC7D4197EB37F00FB2B18 /* State.h */,
				468AC7D5197EB37F00FB2B18 /* StateElement.h */,
				468AC7D6197EB37F00FB2B18 /* TimeBox.h */,
				468AC7D7197EB37F00FB2B18 /* TimeNode.h */,
				468AC7D8197EB37F00FB2B18 /* TimeProcess.h */,
				468AC7D9197EB37F00FB2B18 /* TimeValue.h */,
			);
			name = headers;
			sourceTree = "<group>";
		};
		468AC7C7197EB35200FB2B18 /* sources */ = {
			isa = PBXGroup;
			children = (
				468AC7DA197EB39E00FB2B18 /* Scenario.cpp */,
			);
			name = sources;
			sourceTree = "<group>";
		};
/* End PBXGroup section */

/* Begin PBXLegacyTarget section */
		468AC7BF197EB19500FB2B18 /* OSSIA-API */ = {
			isa = PBXLegacyTarget;
			buildArgumentsString = "$(ACTION) $(Configuration)";
			buildConfigurationList = 468AC7C2197EB19500FB2B18 /* Build configuration list for PBXLegacyTarget "OSSIA-API" */;
			buildPhases = (
			);
			buildToolPath = /usr/bin/make;
			buildWorkingDirectory = "";
			dependencies = (
			);
			name = "OSSIA-API";
			passBuildSettingsInEnvironment = 1;
			productName = "OSSIA-API";
		};
/* End PBXLegacyTarget section */

/* Begin PBXProject section */
		468AC7BB197EB19500FB2B18 /* Project object */ = {
			isa = PBXProject;
			attributes = {
				LastUpgradeCheck = 0500;
				ORGANIZATIONNAME = OSSIA;
			};
			buildConfigurationList = 468AC7BE197EB19500FB2B18 /* Build configuration list for PBXProject "OSSIA-API" */;
			compatibilityVersion = "Xcode 3.2";
			developmentRegion = English;
			hasScannedForEncodings = 0;
			knownRegions = (
				en,
			);
			mainGroup = 468AC7BA197EB19500FB2B18;
			projectDirPath = "";
			projectRoot = "";
			targets = (
				468AC7BF197EB19500FB2B18 /* OSSIA-API */,
			);
		};
/* End PBXProject section */

/* Begin XCBuildConfiguration section */
		468AC7C0197EB19500FB2B18 /* Debug */ = {
			isa = XCBuildConfiguration;
			buildSettings = {
				ALWAYS_SEARCH_USER_PATHS = NO;
				CLANG_CXX_LANGUAGE_STANDARD = "gnu++0x";
				CLANG_CXX_LIBRARY = "libc++";
				CLANG_ENABLE_OBJC_ARC = YES;
				CLANG_WARN_BOOL_CONVERSION = YES;
				CLANG_WARN_CONSTANT_CONVERSION = YES;
				CLANG_WARN_DIRECT_OBJC_ISA_USAGE = YES_ERROR;
				CLANG_WARN_EMPTY_BODY = YES;
				CLANG_WARN_ENUM_CONVERSION = YES;
				CLANG_WARN_INT_CONVERSION = YES;
				CLANG_WARN_OBJC_ROOT_CLASS = YES_ERROR;
				CLANG_WARN__DUPLICATE_METHOD_MATCH = YES;
				COPY_PHASE_STRIP = NO;
				GCC_C_LANGUAGE_STANDARD = gnu99;
				GCC_DYNAMIC_NO_PIC = NO;
				GCC_ENABLE_OBJC_EXCEPTIONS = YES;
				GCC_OPTIMIZATION_LEVEL = 0;
				GCC_PREPROCESSOR_DEFINITIONS = (
					"DEBUG=1",
					"$(inherited)",
				);
				GCC_SYMBOLS_PRIVATE_EXTERN = NO;
				GCC_WARN_64_TO_32_BIT_CONVERSION = YES;
				GCC_WARN_ABOUT_RETURN_TYPE = YES_ERROR;
				GCC_WARN_UNDECLARED_SELECTOR = YES;
				GCC_WARN_UNINITIALIZED_AUTOS = YES;
				GCC_WARN_UNUSED_FUNCTION = YES;
				GCC_WARN_UNUSED_VARIABLE = YES;
				MACOSX_DEPLOYMENT_TARGET = 10.8;
				ONLY_ACTIVE_ARCH = YES;
				SDKROOT = macosx;
			};
			name = Debug;
		};
		468AC7C1197EB19500FB2B18 /* Release */ = {
			isa = XCBuildConfiguration;
			buildSettings = {
				ALWAYS_SEARCH_USER_PATHS = NO;
				CLANG_CXX_LANGUAGE_STANDARD = "gnu++0x";
				CLANG_CXX_LIBRARY = "libc++";
				CLANG_ENABLE_OBJC_ARC = YES;
				CLANG_WARN_BOOL_CONVERSION = YES;
				CLANG_WARN_CONSTANT_CONVERSION = YES;
				CLANG_WARN_DIRECT_OBJC_ISA_USAGE = YES_ERROR;
				CLANG_WARN_EMPTY_BODY = YES;
				CLANG_WARN_ENUM_CONVERSION = YES;
				CLANG_WARN_INT_CONVERSION = YES;
				CLANG_WARN_OBJC_ROOT_CLASS = YES_ERROR;
				CLANG_WARN__DUPLICATE_METHOD_MATCH = YES;
				COPY_PHASE_STRIP = YES;
				DEBUG_INFORMATION_FORMAT = "dwarf-with-dsym";
				ENABLE_NS_ASSERTIONS = NO;
				GCC_C_LANGUAGE_STANDARD = gnu99;
				GCC_ENABLE_OBJC_EXCEPTIONS = YES;
				GCC_WARN_64_TO_32_BIT_CONVERSION = YES;
				GCC_WARN_ABOUT_RETURN_TYPE = YES_ERROR;
				GCC_WARN_UNDECLARED_SELECTOR = YES;
				GCC_WARN_UNINITIALIZED_AUTOS = YES;
				GCC_WARN_UNUSED_FUNCTION = YES;
				GCC_WARN_UNUSED_VARIABLE = YES;
				MACOSX_DEPLOYMENT_TARGET = 10.8;
				SDKROOT = macosx;
			};
			name = Release;
		};
		468AC7C3197EB19500FB2B18 /* Debug */ = {
			isa = XCBuildConfiguration;
			buildSettings = {
				DEBUGGING_SYMBOLS = YES;
				GCC_GENERATE_DEBUGGING_SYMBOLS = YES;
				GCC_OPTIMIZATION_LEVEL = 0;
				OTHER_CFLAGS = "";
				OTHER_LDFLAGS = "";
				PRODUCT_NAME = "$(TARGET_NAME)";
			};
			name = Debug;
		};
		468AC7C4197EB19500FB2B18 /* Release */ = {
			isa = XCBuildConfiguration;
			buildSettings = {
				OTHER_CFLAGS = "";
				OTHER_LDFLAGS = "";
				PRODUCT_NAME = "$(TARGET_NAME)";
			};
			name = Release;
		};
/* End XCBuildConfiguration section */

/* Begin XCConfigurationList section */
		468AC7BE197EB19500FB2B18 /* Build configuration list for PBXProject "OSSIA-API" */ = {
			isa = XCConfigurationList;
			buildConfigurations = (
				468AC7C0197EB19500FB2B18 /* Debug */,
				468AC7C1197EB19500FB2B18 /* Release */,
			);
			defaultConfigurationIsVisible = 0;
			defaultConfigurationName = Release;
		};
		468AC7C2197EB19500FB2B18 /* Build configuration list for PBXLegacyTarget "OSSIA-API" */ = {
			isa = XCConfigurationList;
			buildConfigurations = (
				468AC7C3197EB19500FB2B18 /* Debug */,
				468AC7C4197EB19500FB2B18 /* Release */,
			);
			defaultConfigurationIsVisible = 0;
			defaultConfigurationName = Release;
		};
/* End XCConfigurationList section */
	};
	rootObject = 468AC7BB197EB19500FB2B18 /* Project object */;
}
